{
    "_meta": {
        "hash": {
            "sha256": "cc22c7134f34993582960aa294ad2203c39b695194cecc94b78012e5355d8130"
        },
        "pipfile-spec": 6,
        "requires": {
            "python_version": "3.8"
        },
        "sources": [
            {
                "name": "pypi",
                "url": "https://pypi.org/simple",
                "verify_ssl": true
            }
        ]
    },
    "default": {
        "phonenumbers": {
            "hashes": [
                "sha256:4b9d2f2165309613f32fe5057ff0604eb8e4bbb7be44f7ba77baef760d7d60e2",
                "sha256:8b0cf3df6ab75d22717af91014ca690423a85e77abc7b199748d1b3598b49a37"
            ],
            "index": "pypi",
            "version": "==8.12.23"
        }
    },
    "develop": {}
}
